
Microsoft Visual Studio Solution File, Format Version 12.00
# Visual Studio 15
Project("{FAE04EC0-301F-11D3-BF4B-00C04F79EFBC}") = "doyenify", "doyenify\doyenify.csproj", "{0662A1CD-313D-4E14-88E0-CC179BB86B60}"
EndProject
Global
	GlobalSection(SolutionConfigurationPlatforms) = preSolution
		Debug|Any CPU = Debug|Any CPU
		Release|Any CPU = Release|Any CPU
	EndGlobalSection
	GlobalSection(ProjectConfigurationPlatforms) = postSolution
		{0662A1CD-313D-4E14-88E0-CC179BB86B60}.Debug|Any CPU.ActiveCfg = Debug|Any CPU
		{0662A1CD-313D-4E14-88E0-CC179BB86B60}.Debug|Any CPU.Build.0 = Debug|Any CPU
		{0662A1CD-313D-4E14-88E0-CC179BB86B60}.Release|Any CPU.ActiveCfg = Release|Any CPU
		{0662A1CD-313D-4E14-88E0-CC179BB86B60}.Release|Any CPU.Build.0 = Release|Any CPU
	EndGlobalSection
EndGlobal
